// !$*UTF8*$!
{
	archiveVersion = 1;
	classes = {
	};
	objectVersion = 56;
	objects = {

/* Begin PBXBuildFile section */
		EF57B0252C7FFA4E0089FE02 /* cled24App.swift in Sources */ = {isa = PBXBuildFile; fileRef = EF57B0242C7FFA4E0089FE02 /* cled24App.swift */; };
		EF57B0272C7FFA4E0089FE02 /* ContentView.swift in Sources */ = {isa = PBXBuildFile; fileRef = EF57B0262C7FFA4E0089FE02 /* ContentView.swift */; };
		EF57B0292C7FFA4E0089FE02 /* Assets.xcassets in Resources */ = {isa = PBXBuildFile; fileRef = EF57B0282C7FFA4E0089FE02 /* Assets.xcassets */; };
		EF57B02D2C7FFA4E0089FE02 /* Preview Assets.xcassets in Resources */ = {isa = PBXBuildFile; fileRef = EF57B02C2C7FFA4E0089FE02 /* Preview Assets.xcassets */; };
		EF57B0372C7FFA4E0089FE02 /* cled24Tests.swift in Sources */ = {isa = PBXBuildFile; fileRef = EF57B0362C7FFA4E0089FE02 /* cled24Tests.swift */; };
		EF57B0412C7FFA4E0089FE02 /* cled24UITests.swift in Sources */ = {isa = PBXBuildFile; fileRef = EF57B0402C7FFA4E0089FE02 /* cled24UITests.swift */; };
		EF57B0432C7FFA4E0089FE02 /* cled24UITestsLaunchTests.swift in Sources */ = {isa = PBXBuildFile; fileRef = EF57B0422C7FFA4E0089FE02 /* cled24UITestsLaunchTests.swift */; };
/* End PBXBuildFile section */

/* Begin PBXContainerItemProxy section */
		EF57B0332C7FFA4E0089FE02 /* PBXContainerItemProxy */ = {
			isa = PBXContainerItemProxy;
			containerPortal = EF57B0192C7FFA4E0089FE02 /* Project object */;
			proxyType = 1;
			remoteGlobalIDString = EF57B0202C7FFA4E0089FE02;
			remoteInfo = cled24;
		};
		EF57B03D2C7FFA4E0089FE02 /* PBXContainerItemProxy */ = {
			isa = PBXContainerItemProxy;
			containerPortal = EF57B0192C7FFA4E0089FE02 /* Project object */;
			proxyType = 1;
			remoteGlobalIDString = EF57B0202C7FFA4E0089FE02;
			remoteInfo = cled24;
		};
/* End PBXContainerItemProxy section */

/* Begin PBXFileReference section */
		EF57B0212C7FFA4E0089FE02 /* cled24.app */ = {isa = PBXFileReference; explicitFileType = wrapper.application; includeInIndex = 0; path = cled24.app; sourceTree = BUILT_PRODUCTS_DIR; };
		EF57B0242C7FFA4E0089FE02 /* cled24App.swift */ = {isa = PBXFileReference; lastKnownFileType = sourcecode.swift; path = cled24App.swift; sourceTree = "<group>"; };
		EF57B0262C7FFA4E0089FE02 /* ContentView.swift */ = {isa = PBXFileReference; lastKnownFileType = sourcecode.swift; path = ContentView.swift; sourceTree = "<group>"; };
		EF57B0282C7FFA4E0089FE02 /* Assets.xcassets */ = {isa = PBXFileReference; lastKnownFileType = folder.assetcatalog; path = Assets.xcassets; sourceTree = "<group>"; };
		EF57B02A2C7FFA4E0089FE02 /* cled24.entitlements */ = {isa = PBXFileReference; lastKnownFileType = text.plist.entitlements; path = cled24.entitlements; sourceTree = "<group>"; };
		EF57B02C2C7FFA4E0089FE02 /* Preview Assets.xcassets */ = {isa = PBXFileReference; lastKnownFileType = folder.assetcatalog; path = "Preview Assets.xcassets"; sourceTree = "<group>"; };
		EF57B0322C7FFA4E0089FE02 /* cled24Tests.xctest */ = {isa = PBXFileReference; explicitFileType = wrapper.cfbundle; includeInIndex = 0; path = cled24Tests.xctest; sourceTree = BUILT_PRODUCTS_DIR; };
		EF57B0362C7FFA4E0089FE02 /* cled24Tests.swift */ = {isa = PBXFileReference; lastKnownFileType = sourcecode.swift; path = cled24Tests.swift; sourceTree = "<group>"; };
		EF57B03C2C7FFA4E0089FE02 /* cled24UITests.xctest */ = {isa = PBXFileReference; explicitFileType = wrapper.cfbundle; includeInIndex = 0; path = cled24UITests.xctest; sourceTree = BUILT_PRODUCTS_DIR; };
		EF57B0402C7FFA4E0089FE02 /* cled24UITests.swift */ = {isa = PBXFileReference; lastKnownFileType = sourcecode.swift; path = cled24UITests.swift; sourceTree = "<group>"; };
		EF57B0422C7FFA4E0089FE02 /* cled24UITestsLaunchTests.swift */ = {isa = PBXFileReference; lastKnownFileType = sourcecode.swift; path = cled24UITestsLaunchTests.swift; sourceTree = "<group>"; };
/* End PBXFileReference section */

/* Begin PBXFrameworksBuildPhase section */
		EF57B01E2C7FFA4E0089FE02 /* Frameworks */ = {
			isa = PBXFrameworksBuildPhase;
			buildActionMask = 2147483647;
			files = (
			);
			runOnlyForDeploymentPostprocessing = 0;
		};
		EF57B02F2C7FFA4E0089FE02 /* Frameworks */ = {
			isa = PBXFrameworksBuildPhase;
			buildActionMask = 2147483647;
			files = (
			);
			runOnlyForDeploymentPostprocessing = 0;
		};
		EF57B0392C7FFA4E0089FE02 /* Frameworks */ = {
			isa = PBXFrameworksBuildPhase;
			buildActionMask = 2147483647;
			files = (
			);
			runOnlyForDeploymentPostprocessing = 0;
		};
/* End PBXFrameworksBuildPhase section */

/* Begin PBXGroup section */
		EF57B0182C7FFA4E0089FE02 = {
			isa = PBXGroup;
			children = (
				EF57B0232C7FFA4E0089FE02 /* cled24 */,
				EF57B0352C7FFA4E0089FE02 /* cled24Tests */,
				EF57B03F2C7FFA4E0089FE02 /* cled24UITests */,
				EF57B0222C7FFA4E0089FE02 /* Products */,
			);
			sourceTree = "<group>";
		};
		EF57B0222C7FFA4E0089FE02 /* Products */ = {
			isa = PBXGroup;
			children = (
				EF57B0212C7FFA4E0089FE02 /* cled24.app */,
				EF57B0322C7FFA4E0089FE02 /* cled24Tests.xctest */,
				EF57B03C2C7FFA4E0089FE02 /* cled24UITests.xctest */,
			);
			name = Products;
			sourceTree = "<group>";
		};
		EF57B0232C7FFA4E0089FE02 /* cled24 */ = {
			isa = PBXGroup;
			children = (
				EF57B0242C7FFA4E0089FE02 /* cled24App.swift */,
				EF57B0262C7FFA4E0089FE02 /* ContentView.swift */,
				EF57B0282C7FFA4E0089FE02 /* Assets.xcassets */,
				EF57B02A2C7FFA4E0089FE02 /* cled24.entitlements */,
				EF57B02B2C7FFA4E0089FE02 /* Preview Content */,
			);
			path = cled24;
			sourceTree = "<group>";
		};
		EF57B02B2C7FFA4E0089FE02 /* Preview Content */ = {
			isa = PBXGroup;
			children = (
				EF57B02C2C7FFA4E0089FE02 /* Preview Assets.xcassets */,
			);
			path = "Preview Content";
			sourceTree = "<group>";
		};
		EF57B0352C7FFA4E0089FE02 /* cled24Tests */ = {
			isa = PBXGroup;
			children = (
				EF57B0362C7FFA4E0089FE02 /* cled24Tests.swift */,
			);
			path = cled24Tests;
			sourceTree = "<group>";
		};
		EF57B03F2C7FFA4E0089FE02 /* cled24UITests */ = {
			isa = PBXGroup;
			children = (
				EF57B0402C7FFA4E0089FE02 /* cled24UITests.swift */,
				EF57B0422C7FFA4E0089FE02 /* cled24UITestsLaunchTests.swift */,
			);
			path = cled24UITests;
			sourceTree = "<group>";
		};
/* End PBXGroup section */

/* Begin PBXNativeTarget section */
		EF57B0202C7FFA4E0089FE02 /* cled24 */ = {
			isa = PBXNativeTarget;
			buildConfigurationList = EF57B0462C7FFA4E0089FE02 /* Build configuration list for PBXNativeTarget "cled24" */;
			buildPhases = (
				EF57B01D2C7FFA4E0089FE02 /* Sources */,
				EF57B01E2C7FFA4E0089FE02 /* Frameworks */,
				EF57B01F2C7FFA4E0089FE02 /* Resources */,
			);
			buildRules = (
			);
			dependencies = (
			);
			name = cled24;
			productName = cled24;
			productReference = EF57B0212C7FFA4E0089FE02 /* cled24.app */;
			productType = "com.apple.product-type.application";
		};
		EF57B0312C7FFA4E0089FE02 /* cled24Tests */ = {
			isa = PBXNativeTarget;
			buildConfigurationList = EF57B0492C7FFA4E0089FE02 /* Build configuration list for PBXNativeTarget "cled24Tests" */;
			buildPhases = (
				EF57B02E2C7FFA4E0089FE02 /* Sources */,
				EF57B02F2C7FFA4E0089FE02 /* Frameworks */,
				EF57B0302C7FFA4E0089FE02 /* Resources */,
			);
			buildRules = (
			);
			dependencies = (
				EF57B0342C7FFA4E0089FE02 /* PBXTargetDependency */,
			);
			name = cled24Tests;
			productName = cled24Tests;
			productReference = EF57B0322C7FFA4E0089FE02 /* cled24Tests.xctest */;
			productType = "com.apple.product-type.bundle.unit-test";
		};
		EF57B03B2C7FFA4E0089FE02 /* cled24UITests */ = {
			isa = PBXNativeTarget;
			buildConfigurationList = EF57B04C2C7FFA4E0089FE02 /* Build configuration list for PBXNativeTarget "cled24UITests" */;
			buildPhases = (
				EF57B0382C7FFA4E0089FE02 /* Sources */,
				EF57B0392C7FFA4E0089FE02 /* Frameworks */,
				EF57B03A2C7FFA4E0089FE02 /* Resources */,
			);
			buildRules = (
			);
			dependencies = (
				EF57B03E2C7FFA4E0089FE02 /* PBXTargetDependency */,
			);
			name = cled24UITests;
			productName = cled24UITests;
			productReference = EF57B03C2C7FFA4E0089FE02 /* cled24UITests.xctest */;
			productType = "com.apple.product-type.bundle.ui-testing";
		};
/* End PBXNativeTarget section */

/* Begin PBXProject section */
		EF57B0192C7FFA4E0089FE02 /* Project object */ = {
			isa = PBXProject;
			attributes = {
				BuildIndependentTargetsInParallel = 1;
				LastSwiftUpdateCheck = 1540;
				LastUpgradeCheck = 1540;
				TargetAttributes = {
					EF57B0202C7FFA4E0089FE02 = {
						CreatedOnToolsVersion = 15.4;
					};
					EF57B0312C7FFA4E0089FE02 = {
						CreatedOnToolsVersion = 15.4;
						TestTargetID = EF57B0202C7FFA4E0089FE02;
					};
					EF57B03B2C7FFA4E0089FE02 = {
						CreatedOnToolsVersion = 15.4;
						TestTargetID = EF57B0202C7FFA4E0089FE02;
					};
				};
			};
			buildConfigurationList = EF57B01C2C7FFA4E0089FE02 /* Build configuration list for PBXProject "cled24" */;
			compatibilityVersion = "Xcode 14.0";
			developmentRegion = en;
			hasScannedForEncodings = 0;
			knownRegions = (
				en,
				Base,
			);
			mainGroup = EF57B0182C7FFA4E0089FE02;
			productRefGroup = EF57B0222C7FFA4E0089FE02 /* Products */;
			projectDirPath = "";
			projectRoot = "";
			targets = (
				EF57B0202C7FFA4E0089FE02 /* cled24 */,
				EF57B0312C7FFA4E0089FE02 /* cled24Tests */,
				EF57B03B2C7FFA4E0089FE02 /* cled24UITests */,
			);
		};
/* End PBXProject section */

/* Begin PBXResourcesBuildPhase section */
		EF57B01F2C7FFA4E0089FE02 /* Resources */ = {
			isa = PBXResourcesBuildPhase;
			buildActionMask = 2147483647;
			files = (
				EF57B02D2C7FFA4E0089FE02 /* Preview Assets.xcassets in Resources */,
				EF57B0292C7FFA4E0089FE02 /* Assets.xcassets in Resources */,
			);
			runOnlyForDeploymentPostprocessing = 0;
		};
		EF57B0302C7FFA4E0089FE02 /* Resources */ = {
			isa = PBXResourcesBuildPhase;
			buildActionMask = 2147483647;
			files = (
			);
			runOnlyForDeploymentPostprocessing = 0;
		};
		EF57B03A2C7FFA4E0089FE02 /* Resources */ = {
			isa = PBXResourcesBuildPhase;
			buildActionMask = 2147483647;
			files = (
			);
			runOnlyForDeploymentPostprocessing = 0;
		};
/* End PBXResourcesBuildPhase section */

/* Begin PBXSourcesBuildPhase section */
		EF57B01D2C7FFA4E0089FE02 /* Sources */ = {
			isa = PBXSourcesBuildPhase;
			buildActionMask = 2147483647;
			files = (
				EF57B0272C7FFA4E0089FE02 /* ContentView.swift in Sources */,
				EF57B0252C7FFA4E0089FE02 /* cled24App.swift in Sources */,
			);
			runOnlyForDeploymentPostprocessing = 0;
		};
		EF57B02E2C7FFA4E0089FE02 /* Sources */ = {
			isa = PBXSourcesBuildPhase;
			buildActionMask = 2147483647;
			files = (
				EF57B0372C7FFA4E0089FE02 /* cled24Tests.swift in Sources */,
			);
			runOnlyForDeploymentPostprocessing = 0;
		};
		EF57B0382C7FFA4E0089FE02 /* Sources */ = {
			isa = PBXSourcesBuildPhase;
			buildActionMask = 2147483647;
			files = (
				EF57B0432C7FFA4E0089FE02 /* cled24UITestsLaunchTests.swift in Sources */,
				EF57B0412C7FFA4E0089FE02 /* cled24UITests.swift in Sources */,
			);
			runOnlyForDeploymentPostprocessing = 0;
		};
/* End PBXSourcesBuildPhase section */

/* Begin PBXTargetDependency section */
		EF57B0342C7FFA4E0089FE02 /* PBXTargetDependency */ = {
			isa = PBXTargetDependency;
			target = EF57B0202C7FFA4E0089FE02 /* cled24 */;
			targetProxy = EF57B0332C7FFA4E0089FE02 /* PBXContainerItemProxy */;
		};
		EF57B03E2C7FFA4E0089FE02 /* PBXTargetDependency */ = {
			isa = PBXTargetDependency;
			target = EF57B0202C7FFA4E0089FE02 /* cled24 */;
			targetProxy = EF57B03D2C7FFA4E0089FE02 /* PBXContainerItemProxy */;
		};
/* End PBXTargetDependency section */

/* Begin XCBuildConfiguration section */
		EF57B0442C7FFA4E0089FE02 /* Debug */ = {
			isa = XCBuildConfiguration;
			buildSettings = {
				ALWAYS_SEARCH_USER_PATHS = NO;
				ASSETCATALOG_COMPILER_GENERATE_SWIFT_ASSET_SYMBOL_EXTENSIONS = YES;
				CLANG_ANALYZER_NONNULL = YES;
				CLANG_ANALYZER_NUMBER_OBJECT_CONVERSION = YES_AGGRESSIVE;
				CLANG_CXX_LANGUAGE_STANDARD = "gnu++20";
				CLANG_ENABLE_MODULES = YES;
				CLANG_ENABLE_OBJC_ARC = YES;
				CLANG_ENABLE_OBJC_WEAK = YES;
				CLANG_WARN_BLOCK_CAPTURE_AUTORELEASING = YES;
				CLANG_WARN_BOOL_CONVERSION = YES;
				CLANG_WARN_COMMA = YES;
				CLANG_WARN_CONSTANT_CONVERSION = YES;
				CLANG_WARN_DEPRECATED_OBJC_IMPLEMENTATIONS = YES;
				CLANG_WARN_DIRECT_OBJC_ISA_USAGE = YES_ERROR;
				CLANG_WARN_DOCUMENTATION_COMMENTS = YES;
				CLANG_WARN_EMPTY_BODY = YES;
				CLANG_WARN_ENUM_CONVERSION = YES;
				CLANG_WARN_INFINITE_RECURSION = YES;
				CLANG_WARN_INT_CONVERSION = YES;
				CLANG_WARN_NON_LITERAL_NULL_CONVERSION = YES;
				CLANG_WARN_OBJC_IMPLICIT_RETAIN_SELF = YES;
				CLANG_WARN_OBJC_LITERAL_CONVERSION = YES;
				CLANG_WARN_OBJC_ROOT_CLASS = YES_ERROR;
				CLANG_WARN_QUOTED_INCLUDE_IN_FRAMEWORK_HEADER = YES;
				CLANG_WARN_RANGE_LOOP_ANALYSIS = YES;
				CLANG_WARN_STRICT_PROTOTYPES = YES;
				CLANG_WARN_SUSPICIOUS_MOVE = YES;
				CLANG_WARN_UNGUARDED_AVAILABILITY = YES_AGGRESSIVE;
				CLANG_WARN_UNREACHABLE_CODE = YES;
				CLANG_WARN__DUPLICATE_METHOD_MATCH = YES;
				COPY_PHASE_STRIP = NO;
				DEBUG_INFORMATION_FORMAT = dwarf;
				ENABLE_STRICT_OBJC_MSGSEND = YES;
				ENABLE_TESTABILITY = YES;
				ENABLE_USER_SCRIPT_SANDBOXING = YES;
				GCC_C_LANGUAGE_STANDARD = gnu17;
				GCC_DYNAMIC_NO_PIC = NO;
				GCC_NO_COMMON_BLOCKS = YES;
				GCC_OPTIMIZATION_LEVEL = 0;
				GCC_PREPROCESSOR_DEFINITIONS = (
					"DEBUG=1",
					"$(inherited)",
				);
				GCC_WARN_64_TO_32_BIT_CONVERSION = YES;
				GCC_WARN_ABOUT_RETURN_TYPE = YES_ERROR;
				GCC_WARN_UNDECLARED_SELECTOR = YES;
				GCC_WARN_UNINITIALIZED_AUTOS = YES_AGGRESSIVE;
				GCC_WARN_UNUSED_FUNCTION = YES;
				GCC_WARN_UNUSED_VARIABLE = YES;
				LOCALIZATION_PREFERS_STRING_CATALOGS = YES;
				MTL_ENABLE_DEBUG_INFO = INCLUDE_SOURCE;
				MTL_FAST_MATH = YES;
				ONLY_ACTIVE_ARCH = YES;
				SWIFT_ACTIVE_COMPILATION_CONDITIONS = "DEBUG $(inherited)";
				SWIFT_OPTIMIZATION_LEVEL = "-Onone";
			};
			name = Debug;
		};
		EF57B0452C7FFA4E0089FE02 /* Release */ = {
			isa = XCBuildConfiguration;
			buildSettings = {
				ALWAYS_SEARCH_USER_PATHS = NO;
				ASSETCATALOG_COMPILER_GENERATE_SWIFT_ASSET_SYMBOL_EXTENSIONS = YES;
				CLANG_ANALYZER_NONNULL = YES;
				CLANG_ANALYZER_NUMBER_OBJECT_CONVERSION = YES_AGGRESSIVE;
				CLANG_CXX_LANGUAGE_STANDARD = "gnu++20";
				CLANG_ENABLE_MODULES = YES;
				CLANG_ENABLE_OBJC_ARC = YES;
				CLANG_ENABLE_OBJC_WEAK = YES;
				CLANG_WARN_BLOCK_CAPTURE_AUTORELEASING = YES;
				CLANG_WARN_BOOL_CONVERSION = YES;
				CLANG_WARN_COMMA = YES;
				CLANG_WARN_CONSTANT_CONVERSION = YES;
				CLANG_WARN_DEPRECATED_OBJC_IMPLEMENTATIONS = YES;
				CLANG_WARN_DIRECT_OBJC_ISA_USAGE = YES_ERROR;
				CLANG_WARN_DOCUMENTATION_COMMENTS = YES;
				CLANG_WARN_EMPTY_BODY = YES;
				CLANG_WARN_ENUM_CONVERSION = YES;
				CLANG_WARN_INFINITE_RECURSION = YES;
				CLANG_WARN_INT_CONVERSION = YES;
				CLANG_WARN_NON_LITERAL_NULL_CONVERSION = YES;
				CLANG_WARN_OBJC_IMPLICIT_RETAIN_SELF = YES;
				CLANG_WARN_OBJC_LITERAL_CONVERSION = YES;
				CLANG_WARN_OBJC_ROOT_CLASS = YES_ERROR;
				CLANG_WARN_QUOTED_INCLUDE_IN_FRAMEWORK_HEADER = YES;
				CLANG_WARN_RANGE_LOOP_ANALYSIS = YES;
				CLANG_WARN_STRICT_PROTOTYPES = YES;
				CLANG_WARN_SUSPICIOUS_MOVE = YES;
				CLANG_WARN_UNGUARDED_AVAILABILITY = YES_AGGRESSIVE;
				CLANG_WARN_UNREACHABLE_CODE = YES;
				CLANG_WARN__DUPLICATE_METHOD_MATCH = YES;
				COPY_PHASE_STRIP = NO;
				DEBUG_INFORMATION_FORMAT = "dwarf-with-dsym";
				ENABLE_NS_ASSERTIONS = NO;
				ENABLE_STRICT_OBJC_MSGSEND = YES;
				ENABLE_USER_SCRIPT_SANDBOXING = YES;
				GCC_C_LANGUAGE_STANDARD = gnu17;
				GCC_NO_COMMON_BLOCKS = YES;
				GCC_WARN_64_TO_32_BIT_CONVERSION = YES;
				GCC_WARN_ABOUT_RETURN_TYPE = YES_ERROR;
				GCC_WARN_UNDECLARED_SELECTOR = YES;
				GCC_WARN_UNINITIALIZED_AUTOS = YES_AGGRESSIVE;
				GCC_WARN_UNUSED_FUNCTION = YES;
				GCC_WARN_UNUSED_VARIABLE = YES;
				LOCALIZATION_PREFERS_STRING_CATALOGS = YES;
				MTL_ENABLE_DEBUG_INFO = NO;
				MTL_FAST_MATH = YES;
				SWIFT_COMPILATION_MODE = wholemodule;
			};
			name = Release;
		};
		EF57B0472C7FFA4E0089FE02 /* Debug */ = {
			isa = XCBuildConfiguration;
			buildSettings = {
				ASSETCATALOG_COMPILER_APPICON_NAME = AppIcon;
				ASSETCATALOG_COMPILER_GLOBAL_ACCENT_COLOR_NAME = AccentColor;
				CODE_SIGN_ENTITLEMENTS = cled24/cled24.entitlements;
				CODE_SIGN_STYLE = Automatic;
				CURRENT_PROJECT_VERSION = 1;
				DEVELOPMENT_ASSET_PATHS = "\"cled24/Preview Content\"";
				DEVELOPMENT_TEAM = 2YDBNYJTH3;
				ENABLE_HARDENED_RUNTIME = YES;
				ENABLE_PREVIEWS = YES;
				GENERATE_INFOPLIST_FILE = YES;
				"INFOPLIST_KEY_UIApplicationSceneManifest_Generation[sdk=iphoneos*]" = YES;
				"INFOPLIST_KEY_UIApplicationSceneManifest_Generation[sdk=iphonesimulator*]" = YES;
				"INFOPLIST_KEY_UIApplicationSupportsIndirectInputEvents[sdk=iphoneos*]" = YES;
				"INFOPLIST_KEY_UIApplicationSupportsIndirectInputEvents[sdk=iphonesimulator*]" = YES;
				"INFOPLIST_KEY_UILaunchScreen_Generation[sdk=iphoneos*]" = YES;
				"INFOPLIST_KEY_UILaunchScreen_Generation[sdk=iphonesimulator*]" = YES;
				"INFOPLIST_KEY_UIStatusBarStyle[sdk=iphoneos*]" = UIStatusBarStyleDefault;
				"INFOPLIST_KEY_UIStatusBarStyle[sdk=iphonesimulator*]" = UIStatusBarStyleDefault;
				INFOPLIST_KEY_UISupportedInterfaceOrientations_iPad = "UIInterfaceOrientationPortrait UIInterfaceOrientationPortraitUpsideDown UIInterfaceOrientationLandscapeLeft UIInterfaceOrientationLandscapeRight";
				INFOPLIST_KEY_UISupportedInterfaceOrientations_iPhone = "UIInterfaceOrientationPortrait UIInterfaceOrientationLandscapeLeft UIInterfaceOrientationLandscapeRight";
				IPHONEOS_DEPLOYMENT_TARGET = 17.5;
				LD_RUNPATH_SEARCH_PATHS = "@executable_path/Frameworks";
				"LD_RUNPATH_SEARCH_PATHS[sdk=macosx*]" = "@executable_path/../Frameworks";
				MACOSX_DEPLOYMENT_TARGET = 14.5;
				MARKETING_VERSION = 1.0;
				PRODUCT_BUNDLE_IDENTIFIER = distance.cled24;
				PRODUCT_NAME = "$(TARGET_NAME)";
				SDKROOT = auto;
				SUPPORTED_PLATFORMS = "iphoneos iphonesimulator macosx";
				SWIFT_EMIT_LOC_STRINGS = YES;
				SWIFT_VERSION = 5.0;
				TARGETED_DEVICE_FAMILY = "1,2";
			};
			name = Debug;
		};
		EF57B0482C7FFA4E0089FE02 /* Release */ = {
			isa = XCBuildConfiguration;
			buildSettings = {
				ASSETCATALOG_COMPILER_APPICON_NAME = AppIcon;
				ASSETCATALOG_COMPILER_GLOBAL_ACCENT_COLOR_NAME = AccentColor;
				CODE_SIGN_ENTITLEMENTS = cled24/cled24.entitlements;
				CODE_SIGN_STYLE = Automatic;
				CURRENT_PROJECT_VERSION = 1;
				DEVELOPMENT_ASSET_PATHS = "\"cled24/Preview Content\"";
				DEVELOPMENT_TEAM = 2YDBNYJTH3;
				ENABLE_HARDENED_RUNTIME = YES;
				ENABLE_PREVIEWS = YES;
				GENERATE_INFOPLIST_FILE = YES;
				"INFOPLIST_KEY_UIApplicationSceneManifest_Generation[sdk=iphoneos*]" = YES;
				"INFOPLIST_KEY_UIApplicationSceneManifest_Generation[sdk=iphonesimulator*]" = YES;
				"INFOPLIST_KEY_UIApplicationSupportsIndirectInputEvents[sdk=iphoneos*]" = YES;
				"INFOPLIST_KEY_UIApplicationSupportsIndirectInputEvents[sdk=iphonesimulator*]" = YES;
				"INFOPLIST_KEY_UILaunchScreen_Generation[sdk=iphoneos*]" = YES;
				"INFOPLIST_KEY_UILaunchScreen_Generation[sdk=iphonesimulator*]" = YES;
				"INFOPLIST_KEY_UIStatusBarStyle[sdk=iphoneos*]" = UIStatusBarStyleDefault;
				"INFOPLIST_KEY_UIStatusBarStyle[sdk=iphonesimulator*]" = UIStatusBarStyleDefault;
				INFOPLIST_KEY_UISupportedInterfaceOrientations_iPad = "UIInterfaceOrientationPortrait UIInterfaceOrientationPortraitUpsideDown UIInterfaceOrientationLandscapeLeft UIInterfaceOrientationLandscapeRight";
				INFOPLIST_KEY_UISupportedInterfaceOrientations_iPhone = "UIInterfaceOrientationPortrait UIInterfaceOrientationLandscapeLeft UIInterfaceOrientationLandscapeRight";
				IPHONEOS_DEPLOYMENT_TARGET = 17.5;
				LD_RUNPATH_SEARCH_PATHS = "@executable_path/Frameworks";
				"LD_RUNPATH_SEARCH_PATHS[sdk=macosx*]" = "@executable_path/../Frameworks";
				MACOSX_DEPLOYMENT_TARGET = 14.5;
				MARKETING_VERSION = 1.0;
				PRODUCT_BUNDLE_IDENTIFIER = distance.cled24;
				PRODUCT_NAME = "$(TARGET_NAME)";
				SDKROOT = auto;
				SUPPORTED_PLATFORMS = "iphoneos iphonesimulator macosx";
				SWIFT_EMIT_LOC_STRINGS = YES;
				SWIFT_VERSION = 5.0;
				TARGETED_DEVICE_FAMILY = "1,2";
			};
			name = Release;
		};
		EF57B04A2C7FFA4E0089FE02 /* Debug */ = {
			isa = XCBuildConfiguration;
			buildSettings = {
				ALWAYS_EMBED_SWIFT_STANDARD_LIBRARIES = YES;
				BUNDLE_LOADER = "$(TEST_HOST)";
				CODE_SIGN_STYLE = Automatic;
				CURRENT_PROJECT_VERSION = 1;
				DEVELOPMENT_TEAM = 2YDBNYJTH3;
				GENERATE_INFOPLIST_FILE = YES;
				IPHONEOS_DEPLOYMENT_TARGET = 17.5;
				MACOSX_DEPLOYMENT_TARGET = 14.5;
				MARKETING_VERSION = 1.0;
				PRODUCT_BUNDLE_IDENTIFIER = distance.cled24Tests;
				PRODUCT_NAME = "$(TARGET_NAME)";
				SDKROOT = auto;
				SUPPORTED_PLATFORMS = "iphoneos iphonesimulator macosx";
				SWIFT_EMIT_LOC_STRINGS = NO;
				SWIFT_VERSION = 5.0;
				TARGETED_DEVICE_FAMILY = "1,2";
				TEST_HOST = "$(BUILT_PRODUCTS_DIR)/cled24.app/$(BUNDLE_EXECUTABLE_FOLDER_PATH)/cled24";
			};
			name = Debug;
		};
		EF57B04B2C7FFA4E0089FE02 /* Release */ = {
			isa = XCBuildConfiguration;
			buildSettings = {
				ALWAYS_EMBED_SWIFT_STANDARD_LIBRARIES = YES;
				BUNDLE_LOADER = "$(TEST_HOST)";
				CODE_SIGN_STYLE = Automatic;
				CURRENT_PROJECT_VERSION = 1;
				DEVELOPMENT_TEAM = 2YDBNYJTH3;
				GENERATE_INFOPLIST_FILE = YES;
				IPHONEOS_DEPLOYMENT_TARGET = 17.5;
				MACOSX_DEPLOYMENT_TARGET = 14.5;
				MARKETING_VERSION = 1.0;
				PRODUCT_BUNDLE_IDENTIFIER = distance.cled24Tests;
				PRODUCT_NAME = "$(TARGET_NAME)";
				SDKROOT = auto;
				SUPPORTED_PLATFORMS = "iphoneos iphonesimulator macosx";
				SWIFT_EMIT_LOC_STRINGS = NO;
				SWIFT_VERSION = 5.0;
				TARGETED_DEVICE_FAMILY = "1,2";
				TEST_HOST = "$(BUILT_PRODUCTS_DIR)/cled24.app/$(BUNDLE_EXECUTABLE_FOLDER_PATH)/cled24";
			};
			name = Release;
		};
		EF57B04D2C7FFA4E0089FE02 /* Debug */ = {
			isa = XCBuildConfiguration;
			buildSettings = {
				ALWAYS_EMBED_SWIFT_STANDARD_LIBRARIES = YES;
				CODE_SIGN_STYLE = Automatic;
				CURRENT_PROJECT_VERSION = 1;
				DEVELOPMENT_TEAM = 2YDBNYJTH3;
				GENERATE_INFOPLIST_FILE = YES;
				IPHONEOS_DEPLOYMENT_TARGET = 17.5;
				MACOSX_DEPLOYMENT_TARGET = 14.5;
				MARKETING_VERSION = 1.0;
				PRODUCT_BUNDLE_IDENTIFIER = distance.cled24UITests;
				PRODUCT_NAME = "$(TARGET_NAME)";
				SDKROOT = auto;
				SUPPORTED_PLATFORMS = "iphoneos iphonesimulator macosx";
				SWIFT_EMIT_LOC_STRINGS = NO;
				SWIFT_VERSION = 5.0;
				TARGETED_DEVICE_FAMILY = "1,2";
				TEST_TARGET_NAME = cled24;
			};
			name = Debug;
		};
		EF57B04E2C7FFA4E0089FE02 /* Release */ = {
			isa = XCBuildConfiguration;
			buildSettings = {
				ALWAYS_EMBED_SWIFT_STANDARD_LIBRARIES = YES;
				CODE_SIGN_STYLE = Automatic;
				CURRENT_PROJECT_VERSION = 1;
				DEVELOPMENT_TEAM = 2YDBNYJTH3;
				GENERATE_INFOPLIST_FILE = YES;
				IPHONEOS_DEPLOYMENT_TARGET = 17.5;
				MACOSX_DEPLOYMENT_TARGET = 14.5;
				MARKETING_VERSION = 1.0;
				PRODUCT_BUNDLE_IDENTIFIER = distance.cled24UITests;
				PRODUCT_NAME = "$(TARGET_NAME)";
				SDKROOT = auto;
				SUPPORTED_PLATFORMS = "iphoneos iphonesimulator macosx";
				SWIFT_EMIT_LOC_STRINGS = NO;
				SWIFT_VERSION = 5.0;
				TARGETED_DEVICE_FAMILY = "1,2";
				TEST_TARGET_NAME = cled24;
			};
			name = Release;
		};
/* End XCBuildConfiguration section */

/* Begin XCConfigurationList section */
		EF57B01C2C7FFA4E0089FE02 /* Build configuration list for PBXProject "cled24" */ = {
			isa = XCConfigurationList;
			buildConfigurations = (
				EF57B0442C7FFA4E0089FE02 /* Debug */,
				EF57B0452C7FFA4E0089FE02 /* Release */,
			);
			defaultConfigurationIsVisible = 0;
			defaultConfigurationName = Release;
		};
		EF57B0462C7FFA4E0089FE02 /* Build configuration list for PBXNativeTarget "cled24" */ = {
			isa = XCConfigurationList;
			buildConfigurations = (
				EF57B0472C7FFA4E0089FE02 /* Debug */,
				EF57B0482C7FFA4E0089FE02 /* Release */,
			);
			defaultConfigurationIsVisible = 0;
			defaultConfigurationName = Release;
		};
		EF57B0492C7FFA4E0089FE02 /* Build configuration list for PBXNativeTarget "cled24Tests" */ = {
			isa = XCConfigurationList;
			buildConfigurations = (
				EF57B04A2C7FFA4E0089FE02 /* Debug */,
				EF57B04B2C7FFA4E0089FE02 /* Release */,
			);
			defaultConfigurationIsVisible = 0;
			defaultConfigurationName = Release;
		};
		EF57B04C2C7FFA4E0089FE02 /* Build configuration list for PBXNativeTarget "cled24UITests" */ = {
			isa = XCConfigurationList;
			buildConfigurations = (
				EF57B04D2C7FFA4E0089FE02 /* Debug */,
				EF57B04E2C7FFA4E0089FE02 /* Release */,
			);
			defaultConfigurationIsVisible = 0;
			defaultConfigurationName = Release;
		};
/* End XCConfigurationList section */
	};
	rootObject = EF57B0192C7FFA4E0089FE02 /* Project object */;
}
